{"1.2.0",
[{<<"active">>,{pkg,<<"active">>,<<"6.1.1">>},1},
 {<<"amqp_client">>,{pkg,<<"amqp_client">>,<<"3.7.12">>},1},
 {<<"base16">>,
  {git,"https://github.com/goj/base16.git",
       {ref,"f78918e7b593fbdc35ec9bcc349aa50f47f45a8b"}},
  0},
 {<<"bbmustache">>,{pkg,<<"bbmustache">>,<<"1.11.0">>},0},
 {<<"bear">>,{pkg,<<"bear">>,<<"1.0.0">>},3},
 {<<"certifi">>,{pkg,<<"certifi">>,<<"2.9.0">>},1},
 {<<"credentials_obfuscation">>,
  {pkg,<<"credentials_obfuscation">>,<<"3.1.0">>},
  2},
 {<<"erldocker">>,
  {git,"https://github.com/Phonebooth/erldocker.git",
       {ref,"7641bb23b11eabdfb192206e9b3f63ebfe1e5424"}},
  0},
 {<<"erlsh">>,{pkg,<<"erlsh">>,<<"0.1.0">>},1},
 {<<"exometer_core">>,{pkg,<<"exometer_core">>,<<"1.6.1">>},1},
 {<<"flatlog">>,
  {git,"https://github.com/ferd/flatlog.git",
       {ref,"553ef2b09c8a3d2b02c7395251cee397f7cb3839"}},
  0},
 {<<"fn">>,
  {git,"https://github.com/reiddraper/fn",
       {ref,"1e8f3f43e5fa6e5e68eb19184fa60d8da5de99d0"}},
  1},
 {<<"folsom">>,{pkg,<<"folsom">>,<<"1.0.0">>},2},
 {<<"fs">>,{pkg,<<"fs">>,<<"6.1.1">>},2},
 {<<"gproc">>,{pkg,<<"gproc">>,<<"0.8.0">>},1},
 {<<"hackney">>,
  {git,"https://github.com/benoitc/hackney.git",
       {ref,"c8f3a6c5a837e4554be219f7c21ae8fdb3d01c40"}},
  0},
 {<<"hut">>,{pkg,<<"hut">>,<<"1.3.0">>},2},
 {<<"idna">>,{pkg,<<"idna">>,<<"6.1.1">>},1},
 {<<"jsn">>,{pkg,<<"jsn">>,<<"2.1.4">>},0},
 {<<"jsx">>,
  {git,"https://github.com/talentdeficit/jsx.git",
       {ref,"2ecf598b5f1192acf63baeed1dc7fa45149b4e35"}},
  0},
 {<<"metrics">>,{pkg,<<"metrics">>,<<"1.0.1">>},1},
 {<<"mimerl">>,{pkg,<<"mimerl">>,<<"1.2.0">>},1},
 {<<"parse_trans">>,{pkg,<<"parse_trans">>,<<"3.3.1">>},1},
 {<<"quickrand">>,{pkg,<<"quickrand">>,<<"2.0.4">>},1},
 {<<"rabbit_common">>,{pkg,<<"rabbit_common">>,<<"3.10.5">>},1},
 {<<"recon">>,{pkg,<<"recon">>,<<"2.5.2">>},2},
 {<<"setup">>,{pkg,<<"setup">>,<<"2.1.0">>},2},
 {<<"ssl_verify_fun">>,{pkg,<<"ssl_verify_fun">>,<<"1.1.6">>},1},
 {<<"turtle">>,
  {git,"https://github.com/relaypro-open/turtle.git",
       {ref,"45eea099bb2241f1fa69c50f95cbc8fb42e22222"}},
  0},
 {<<"unicode_util_compat">>,{pkg,<<"unicode_util_compat">>,<<"0.7.0">>},1},
 {<<"uuid">>,{pkg,<<"uuid_erl">>,<<"2.0.0">>},0}]}.
[
{pkg_hash,[
 {<<"active">>, <<"EB6E403C03B4FCD1C0CE3E62C8655C82F5CEF4F65249EF75FEF1B2B7ED212680">>},
 {<<"amqp_client">>, <<"5ACCC1EF354E19B8200D48C72D2F68D6327672B8C8CBD1DCD1556264F348DAFD">>},
 {<<"bbmustache">>, <<"A6DBFC5CEE3E1D7D17AAD5F5B8880B4508D974611DA8D73E1F6C28BDE65D4C47">>},
 {<<"bear">>, <<"430419C1126B477686CDE843E88BA0F2C7DC5CDF0881C677500074F704339A99">>},
 {<<"certifi">>, <<"6F2A475689DD47F19FB74334859D460A2DC4E3252A3324BD2111B8F0429E7E21">>},
 {<<"credentials_obfuscation">>, <<"2C405EA0C5DB7B3344AA5A99F86C33E7B6ECEA97D2CB613371E1CF0D192EF2C6">>},
 {<<"erlsh">>, <<"77FA764E1ACAD2B0E06C0F4BD2AB9D3C3429CC058048938B1399A534D861C88D">>},
 {<<"exometer_core">>, <<"742ED00E1F10F8BEFF61A0F43E105C78C2F982E10F1C4E740D59DF89924C65EA">>},
 {<<"folsom">>, <<"50ECC998D2149939F1D5E0AA3E32788F8ED16A58E390D81B5C0BE4CC4EF25589">>},
 {<<"fs">>, <<"9D147B944D60CFA48A349F12D06C8EE71128F610C90870BDF9A6773206452ED0">>},
 {<<"gproc">>, <<"CEA02C578589C61E5341FCE149EA36CCEF236CC2ECAC8691FBA408E7EA77EC2F">>},
 {<<"hut">>, <<"71F2F054E657C03F959CF1ACC43F436EA87580696528CA2A55C8AFB1B06C85E7">>},
 {<<"idna">>, <<"8A63070E9F7D0C62EB9D9FCB360A7DE382448200FBBD1B106CC96D3D8099DF8D">>},
 {<<"jsn">>, <<"E631213FDB296422381C1927501001205774C91FCD728BF3202CF674C9699C69">>},
 {<<"metrics">>, <<"25F094DEA2CDA98213CECC3AEFF09E940299D950904393B2A29D191C346A8486">>},
 {<<"mimerl">>, <<"67E2D3F571088D5CFD3E550C383094B47159F3EEE8FFA08E64106CDF5E981BE3">>},
 {<<"parse_trans">>, <<"16328AB840CC09919BD10DAB29E431DA3AF9E9E7E7E6F0089DD5A2D2820011D8">>},
 {<<"quickrand">>, <<"168CA3A8466A26912B8C3A1D6AA58975E1BB49E5C7AFB4998B80F6B90F910490">>},
 {<<"rabbit_common">>, <<"FE79AACDB2ADCB04ADB99BADA8D901B8E2AF7A4D6EC8A8F31952AB20A49D98A7">>},
 {<<"recon">>, <<"CBA53FA8DB83AD968C9A652E09C3ED7DDCC4DA434F27C3EAA9CA47FFB2B1FF03">>},
 {<<"setup">>, <<"05F69185A5EB71474C9BC6BA892565651EC7507791F85632B7B914DBFE130510">>},
 {<<"ssl_verify_fun">>, <<"CF344F5692C82D2CD7554F5EC8FD961548D4FD09E7D22F5B62482E5AEAEBD4B0">>},
 {<<"unicode_util_compat">>, <<"BC84380C9AB48177092F43AC89E4DFA2C6D62B40B8BD132B1059ECC7232F9A78">>},
 {<<"uuid">>, <<"02C713FAC0E73E5F366CBA541216F1E956E2F00C91C7530D4B21DEC7D3ADA164">>}]},
{pkg_hash_ext,[
 {<<"active">>, <<"E34080D6131DC835FAC093EB1232DB26BAA33B279ABD27A986B2D5DE8221966C">>},
 {<<"amqp_client">>, <<"9D29BB4D59EEA1D779E2928425323F9A75CDDC27C16BE57637DB3A366580EB23">>},
 {<<"bbmustache">>, <<"7C9CDCF58DC043377AB792A8C7109D8902695FCAE3B35C1078A8B38DDCF86E5F">>},
 {<<"bear">>, <<"157B67901ADF84FF0DA6EAE035CA1292A0AC18AA55148154D8C582B2C68959DB">>},
 {<<"certifi">>, <<"266DA46BDB06D6C6D35FDE799BCB28D36D985D424AD7C08B5BB48F5B5CDD4641">>},
 {<<"credentials_obfuscation">>, <<"04884E62B1C6CDFBA999D4D6B3E99BC0A59D5E439517BC5C01767255AFB7B778">>},
 {<<"erlsh">>, <<"94EF1492DD59FEF211F01FFD40C47B6E51C0F59E2A3D0739366E4890961332D9">>},
 {<<"exometer_core">>, <<"EC1AF0A961F29B3854F61B594C79454D26AC7B1F6CB89BBF0688BFF65F6A6D6B">>},
 {<<"folsom">>, <<"DD6AB97278E94F9E4CFC43E188224A7B8C7EAEC0DD2E935007005177F3EEBB0E">>},
 {<<"fs">>, <<"EF94E95FFE79916860649FED80AC62B04C322B0BB70F5128144C026B4D171F8B">>},
 {<<"gproc">>, <<"580ADAFA56463B75263EF5A5DF4C86AF321F68694E7786CB057FD805D1E2A7DE">>},
 {<<"hut">>, <<"7E15D28555D8A1F2B5A3A931EC120AF0753E4853A4C66053DB354F35BF9AB563">>},
 {<<"idna">>, <<"92376EB7894412ED19AC475E4A86F7B413C1B9FBB5BD16DCCD57934157944CEA">>},
 {<<"jsn">>, <<"2D1397263BE44E156CEF871E3EFF9903E76BA6D8B9DDE5C6771F7E56C2F060FB">>},
 {<<"metrics">>, <<"69B09ADDDC4F74A40716AE54D140F93BEB0FB8978D8636EADED0C31B6F099F16">>},
 {<<"mimerl">>, <<"F278585650AA581986264638EBF698F8BB19DF297F66AD91B18910DFC6E19323">>},
 {<<"parse_trans">>, <<"07CD9577885F56362D414E8C4C4E6BDF10D43A8767ABB92D24CBE8B24C54888B">>},
 {<<"quickrand">>, <<"4CB18E9304CF28E054E8DC6E151D1AC7F174E6FE31D5C1A07F71279B92A90800">>},
 {<<"rabbit_common">>, <<"33320BD74471E4C4E0B1123FABBCF64315F108C04DEC1163870B6946B2B4D3FB">>},
 {<<"recon">>, <<"2C7523C8DEE91DFF41F6B3D63CBA2BD49EB6D2FE5BF1EEC0DF7F87EB5E230E1C">>},
 {<<"setup">>, <<"EFD072578F0CF85BEA96CAAFFC7ADB0992398272522660A136E10567377071C5">>},
 {<<"ssl_verify_fun">>, <<"BDB0D2471F453C88FF3908E7686F86F9BE327D065CC1EC16FA4540197EA04680">>},
 {<<"unicode_util_compat">>, <<"25EEE6D67DF61960CF6A794239566599B09E17E668D3700247BC498638152521">>},
 {<<"uuid">>, <<"CE1C1ED1D786BA98F93204BE66F93A797504993954141122FCC5FE59B5331367">>}]}
].
