{"1.2.0",
[{<<"amqp_client">>,{pkg,<<"amqp_client">>,<<"3.11.13">>},1},
 {<<"base16">>,
  {git,"https://github.com/goj/base16.git",
       {ref,"f78918e7b593fbdc35ec9bcc349aa50f47f45a8b"}},
  0},
 {<<"bbmustache">>,{pkg,<<"bbmustache">>,<<"1.11.0">>},0},
 {<<"bear">>,{pkg,<<"bear">>,<<"1.0.0">>},3},
 {<<"certifi">>,{pkg,<<"certifi">>,<<"2.9.0">>},1},
 {<<"credentials_obfuscation">>,
  {pkg,<<"credentials_obfuscation">>,<<"3.2.0">>},
  3},
 {<<"eini">>,{pkg,<<"eini">>,<<"1.2.9">>},1},
 {<<"erlcloud">>,
  {git,"https://github.com/erlcloud/erlcloud.git",
       {ref,"b4adace81f337f019be427d742b6f0f936833840"}},
  0},
 {<<"erldocker">>,
  {git,"https://github.com/Phonebooth/erldocker.git",
       {ref,"acc956b82a58982951c83df39386fb86733535db"}},
  0},
 {<<"erlexec">>,{pkg,<<"erlexec">>,<<"1.21.0">>},0},
 {<<"erlsh">>,{pkg,<<"erlsh">>,<<"0.1.0">>},1},
 {<<"exometer_core">>,{pkg,<<"exometer_core">>,<<"1.6.2">>},1},
 {<<"flatlog">>,
  {git,"https://github.com/ferd/flatlog.git",
       {ref,"553ef2b09c8a3d2b02c7395251cee397f7cb3839"}},
  0},
 {<<"fn">>,
  {git,"https://github.com/reiddraper/fn",
       {ref,"1e8f3f43e5fa6e5e68eb19184fa60d8da5de99d0"}},
  1},
 {<<"folsom">>,{pkg,<<"folsom">>,<<"1.0.0">>},2},
 {<<"fs">>,{pkg,<<"fs">>,<<"6.1.1">>},1},
 {<<"gproc">>,{pkg,<<"gproc">>,<<"0.9.0">>},1},
 {<<"hackney">>,
  {git,"https://github.com/benoitc/hackney.git",
       {ref,"3f6d481ffbf4ddacc1c7fe1614030a06f39e04cc"}},
  0},
 {<<"hut">>,{pkg,<<"hut">>,<<"1.3.0">>},2},
 {<<"idna">>,{pkg,<<"idna">>,<<"6.1.1">>},1},
 {<<"jsn">>,{pkg,<<"jsn">>,<<"2.1.4">>},0},
 {<<"jsx">>,
  {git,"https://github.com/talentdeficit/jsx.git",
       {ref,"2ecf598b5f1192acf63baeed1dc7fa45149b4e35"}},
  0},
 {<<"lhttpc">>,{pkg,<<"lhttpc">>,<<"1.6.2">>},1},
 {<<"metrics">>,{pkg,<<"metrics">>,<<"1.0.1">>},1},
 {<<"mimerl">>,{pkg,<<"mimerl">>,<<"1.2.0">>},1},
 {<<"parse_trans">>,{pkg,<<"parse_trans">>,<<"3.3.1">>},1},
 {<<"quickrand">>,{pkg,<<"quickrand">>,<<"2.0.5">>},1},
 {<<"rabbit_common">>,{pkg,<<"rabbit_common">>,<<"3.11.13">>},2},
 {<<"recon">>,{pkg,<<"recon">>,<<"2.5.3">>},3},
 {<<"setup">>,{pkg,<<"setup">>,<<"2.1.0">>},2},
 {<<"ssl_verify_fun">>,{pkg,<<"ssl_verify_fun">>,<<"1.1.6">>},1},
 {<<"sync">>,
  {git,"https://github.com/rustyio/sync.git",
       {ref,"7dc303ed4ce8d26db82e171dbbd7c41067852c65"}},
  0},
 {<<"thoas">>,{pkg,<<"thoas">>,<<"1.0.0">>},3},
 {<<"turtle">>,
  {git,"https://github.com/relaypro-open/turtle.git",
       {ref,"f05dc9d416459d0b011c5398301d9ea0e8eea156"}},
  0},
 {<<"unicode_util_compat">>,{pkg,<<"unicode_util_compat">>,<<"0.7.0">>},1},
 {<<"uuid">>,{pkg,<<"uuid_erl">>,<<"2.0.0">>},0}]}.
[
{pkg_hash,[
 {<<"amqp_client">>, <<"DDCF0859E80E56081B2436DE0906D13FA616E62775A32422F34E0EFAEBEC0011">>},
 {<<"bbmustache">>, <<"A6DBFC5CEE3E1D7D17AAD5F5B8880B4508D974611DA8D73E1F6C28BDE65D4C47">>},
 {<<"bear">>, <<"430419C1126B477686CDE843E88BA0F2C7DC5CDF0881C677500074F704339A99">>},
 {<<"certifi">>, <<"6F2A475689DD47F19FB74334859D460A2DC4E3252A3324BD2111B8F0429E7E21">>},
 {<<"credentials_obfuscation">>, <<"BECF48ED7C96938600F88F486031BCBF9B9C4E3353CC314CA131C347C4C7815C">>},
 {<<"eini">>, <<"FCC3CBD49BBDD9A1D9735C7365DAFFCD84481CCE81E6CB80537883AA44AC4895">>},
 {<<"erlexec">>, <<"748AF41A9B77FDE69BB82D5EC37E37384D4F849F971687DE49D57E8CB59422EA">>},
 {<<"erlsh">>, <<"77FA764E1ACAD2B0E06C0F4BD2AB9D3C3429CC058048938B1399A534D861C88D">>},
 {<<"exometer_core">>, <<"E480FBD9CF3BECFCA15805BDD42C39CD855CF701C2F0204BAD9C096C74FDCAA8">>},
 {<<"folsom">>, <<"50ECC998D2149939F1D5E0AA3E32788F8ED16A58E390D81B5C0BE4CC4EF25589">>},
 {<<"fs">>, <<"9D147B944D60CFA48A349F12D06C8EE71128F610C90870BDF9A6773206452ED0">>},
 {<<"gproc">>, <<"853CCB7805E9ADA25D227A157BA966F7B34508F386A3E7E21992B1B484230699">>},
 {<<"hut">>, <<"71F2F054E657C03F959CF1ACC43F436EA87580696528CA2A55C8AFB1B06C85E7">>},
 {<<"idna">>, <<"8A63070E9F7D0C62EB9D9FCB360A7DE382448200FBBD1B106CC96D3D8099DF8D">>},
 {<<"jsn">>, <<"E631213FDB296422381C1927501001205774C91FCD728BF3202CF674C9699C69">>},
 {<<"lhttpc">>, <<"044F16F0018C7AA7E945E9E9406C7F6035E0B8BC08BF77B00C78CE260E1071E3">>},
 {<<"metrics">>, <<"25F094DEA2CDA98213CECC3AEFF09E940299D950904393B2A29D191C346A8486">>},
 {<<"mimerl">>, <<"67E2D3F571088D5CFD3E550C383094B47159F3EEE8FFA08E64106CDF5E981BE3">>},
 {<<"parse_trans">>, <<"16328AB840CC09919BD10DAB29E431DA3AF9E9E7E7E6F0089DD5A2D2820011D8">>},
 {<<"quickrand">>, <<"06FCAD85CB47D5C85C51D6BC9C84A082501BA098A89D64AD0A2F69599E034C04">>},
 {<<"rabbit_common">>, <<"9797373B8CECB53D762EDA729BAD974D2A5952C8BB498D33E64790F2D42F9A16">>},
 {<<"recon">>, <<"739107B9050EA683C30E96DE050BC59248FD27EC147696F79A8797FF9FA17153">>},
 {<<"setup">>, <<"05F69185A5EB71474C9BC6BA892565651EC7507791F85632B7B914DBFE130510">>},
 {<<"ssl_verify_fun">>, <<"CF344F5692C82D2CD7554F5EC8FD961548D4FD09E7D22F5B62482E5AEAEBD4B0">>},
 {<<"thoas">>, <<"567C03902920827A18A89F05B79A37B5BF93553154B883E0131801600CF02CE0">>},
 {<<"unicode_util_compat">>, <<"BC84380C9AB48177092F43AC89E4DFA2C6D62B40B8BD132B1059ECC7232F9A78">>},
 {<<"uuid">>, <<"02C713FAC0E73E5F366CBA541216F1E956E2F00C91C7530D4B21DEC7D3ADA164">>}]},
{pkg_hash_ext,[
 {<<"amqp_client">>, <<"A9B29CEAD92DAA811313BEA5DA78B9B22C58B7F06ACA3CCB9E6B3943832A25F0">>},
 {<<"bbmustache">>, <<"7C9CDCF58DC043377AB792A8C7109D8902695FCAE3B35C1078A8B38DDCF86E5F">>},
 {<<"bear">>, <<"157B67901ADF84FF0DA6EAE035CA1292A0AC18AA55148154D8C582B2C68959DB">>},
 {<<"certifi">>, <<"266DA46BDB06D6C6D35FDE799BCB28D36D985D424AD7C08B5BB48F5B5CDD4641">>},
 {<<"credentials_obfuscation">>, <<"FE8ECE91A1BA6C8A08EB1063CFD5B063A723C5FE29A1FAD6B7CBD76CB18D2EEB">>},
 {<<"eini">>, <<"DA64AE8DB7C2F502E6F20CDF44CD3D9BE364412B87FF49FEBF282540F673DFCB">>},
 {<<"erlexec">>, <<"826616A344D1BC0A35C9D2C7175478166F607A4E3B14C878229FD405694D65C0">>},
 {<<"erlsh">>, <<"94EF1492DD59FEF211F01FFD40C47B6E51C0F59E2A3D0739366E4890961332D9">>},
 {<<"exometer_core">>, <<"287F9ADA56961933D8DF913CC140BB0BDCFF2545E33AB94D04B668E09626E297">>},
 {<<"folsom">>, <<"DD6AB97278E94F9E4CFC43E188224A7B8C7EAEC0DD2E935007005177F3EEBB0E">>},
 {<<"fs">>, <<"EF94E95FFE79916860649FED80AC62B04C322B0BB70F5128144C026B4D171F8B">>},
 {<<"gproc">>, <<"587E8AF698CCD3504CF4BA8D90F893EDE2B0F58CABB8A916E2BF9321DE3CF10B">>},
 {<<"hut">>, <<"7E15D28555D8A1F2B5A3A931EC120AF0753E4853A4C66053DB354F35BF9AB563">>},
 {<<"idna">>, <<"92376EB7894412ED19AC475E4A86F7B413C1B9FBB5BD16DCCD57934157944CEA">>},
 {<<"jsn">>, <<"2D1397263BE44E156CEF871E3EFF9903E76BA6D8B9DDE5C6771F7E56C2F060FB">>},
 {<<"lhttpc">>, <<"76B5FA6149D1E10D4B1FBC4EBD51D371DB19C1AB9F0A9ECF5B526440DF064E97">>},
 {<<"metrics">>, <<"69B09ADDDC4F74A40716AE54D140F93BEB0FB8978D8636EADED0C31B6F099F16">>},
 {<<"mimerl">>, <<"F278585650AA581986264638EBF698F8BB19DF297F66AD91B18910DFC6E19323">>},
 {<<"parse_trans">>, <<"07CD9577885F56362D414E8C4C4E6BDF10D43A8767ABB92D24CBE8B24C54888B">>},
 {<<"quickrand">>, <<"252CF0493570EBF1A58985CB71990982CDDCD4396B6427F1E10CF58924C1C052">>},
 {<<"rabbit_common">>, <<"3D23B60853E92D372FF3541FA333987AFB118855542C486962C5C656954D55AF">>},
 {<<"recon">>, <<"6C6683F46FD4A1DFD98404B9F78DCABC7FCD8826613A89DCB984727A8C3099D7">>},
 {<<"setup">>, <<"EFD072578F0CF85BEA96CAAFFC7ADB0992398272522660A136E10567377071C5">>},
 {<<"ssl_verify_fun">>, <<"BDB0D2471F453C88FF3908E7686F86F9BE327D065CC1EC16FA4540197EA04680">>},
 {<<"thoas">>, <<"FC763185B932ECB32A554FB735EE03C3B6B1B31366077A2427D2A97F3BD26735">>},
 {<<"unicode_util_compat">>, <<"25EEE6D67DF61960CF6A794239566599B09E17E668D3700247BC498638152521">>},
 {<<"uuid">>, <<"CE1C1ED1D786BA98F93204BE66F93A797504993954141122FCC5FE59B5331367">>}]}
].
