{"1.2.0",
[{<<"active">>,{pkg,<<"active">>,<<"6.1.1">>},1},
 {<<"amqp_client">>,{pkg,<<"amqp_client">>,<<"3.7.12">>},1},
 {<<"base16">>,
  {git,"https://github.com/goj/base16.git",
       {ref,"f78918e7b593fbdc35ec9bcc349aa50f47f45a8b"}},
  0},
 {<<"bbmustache">>,{pkg,<<"bbmustache">>,<<"1.11.0">>},0},
 {<<"bear">>,{pkg,<<"bear">>,<<"0.8.7">>},3},
 {<<"certifi">>,{pkg,<<"certifi">>,<<"2.9.0">>},1},
 {<<"erldocker">>,
  {git,"https://github.com/Phonebooth/erldocker.git",
       {ref,"fd7626d3d6d3c9b13d8a107b19e4d6619eead778"}},
  0},
 {<<"erlsh">>,{pkg,<<"erlsh">>,<<"0.1.0">>},1},
 {<<"exometer_core">>,{pkg,<<"exometer_core">>,<<"1.5.7">>},1},
 {<<"fn">>,
  {git,"https://github.com/reiddraper/fn",
       {ref,"1e8f3f43e5fa6e5e68eb19184fa60d8da5de99d0"}},
  1},
 {<<"folsom">>,{pkg,<<"folsom">>,<<"0.8.7">>},2},
 {<<"fs">>,{pkg,<<"fs">>,<<"6.1.1">>},2},
 {<<"goldrush">>,{pkg,<<"goldrush">>,<<"0.1.9">>},1},
 {<<"gproc">>,{pkg,<<"gproc">>,<<"0.8.0">>},1},
 {<<"hackney">>,
  {git,"https://github.com/benoitc/hackney.git",
       {ref,"3f6d481ffbf4ddacc1c7fe1614030a06f39e04cc"}},
  0},
 {<<"hut">>,{pkg,<<"hut">>,<<"1.2.1">>},2},
 {<<"idna">>,{pkg,<<"idna">>,<<"6.1.1">>},1},
 {<<"jsn">>,{pkg,<<"jsn">>,<<"2.1.4">>},0},
 {<<"jsx">>,
  {git,"https://github.com/talentdeficit/jsx.git",
       {ref,"2ecf598b5f1192acf63baeed1dc7fa45149b4e35"}},
  0},
 {<<"lager">>,
  {git,"https://github.com/erlang-lager/lager.git",
       {ref,"459a3b2cdd9eadd29e5a7ce5c43932f5ccd6eb88"}},
  0},
 {<<"metrics">>,{pkg,<<"metrics">>,<<"1.0.1">>},1},
 {<<"mimerl">>,{pkg,<<"mimerl">>,<<"1.2.0">>},1},
 {<<"parse_trans">>,{pkg,<<"parse_trans">>,<<"3.3.1">>},1},
 {<<"quickrand">>,{pkg,<<"quickrand">>,<<"2.0.4">>},1},
 {<<"rabbit_common">>,{pkg,<<"rabbit_common">>,<<"3.7.12">>},1},
 {<<"ranch">>,{pkg,<<"ranch">>,<<"1.7.1">>},2},
 {<<"recon">>,{pkg,<<"recon">>,<<"2.3.6">>},2},
 {<<"setup">>,{pkg,<<"setup">>,<<"2.0.2">>},2},
 {<<"ssl_verify_fun">>,{pkg,<<"ssl_verify_fun">>,<<"1.1.6">>},1},
 {<<"turtle">>,
  {git,"https://github.com/relaypro-open/turtle.git",
       {ref,"1cc08f42358c7ceb43c5888763e6387ffb78c3a3"}},
  0},
 {<<"unicode_util_compat">>,{pkg,<<"unicode_util_compat">>,<<"0.7.0">>},1},
 {<<"uuid">>,{pkg,<<"uuid_erl">>,<<"2.0.0">>},0}]}.
[
{pkg_hash,[
 {<<"active">>, <<"EB6E403C03B4FCD1C0CE3E62C8655C82F5CEF4F65249EF75FEF1B2B7ED212680">>},
 {<<"amqp_client">>, <<"5ACCC1EF354E19B8200D48C72D2F68D6327672B8C8CBD1DCD1556264F348DAFD">>},
 {<<"bbmustache">>, <<"A6DBFC5CEE3E1D7D17AAD5F5B8880B4508D974611DA8D73E1F6C28BDE65D4C47">>},
 {<<"bear">>, <<"16264309AE5D005D03718A5C82641FCC259C9E8F09ADEB6FD79CA4271168656F">>},
 {<<"certifi">>, <<"6F2A475689DD47F19FB74334859D460A2DC4E3252A3324BD2111B8F0429E7E21">>},
 {<<"erlsh">>, <<"77FA764E1ACAD2B0E06C0F4BD2AB9D3C3429CC058048938B1399A534D861C88D">>},
 {<<"exometer_core">>, <<"AB97E34A5D69AB14E6AE161DB4CCA5B5E655E635B842F830EE6AB2CBFCFDC30A">>},
 {<<"folsom">>, <<"A885F0AEEE4C84270954C88A55A5A473D6B2C7493E32FFDC5765412DD555A951">>},
 {<<"fs">>, <<"9D147B944D60CFA48A349F12D06C8EE71128F610C90870BDF9A6773206452ED0">>},
 {<<"goldrush">>, <<"F06E5D5F1277DA5C413E84D5A2924174182FB108DABB39D5EC548B27424CD106">>},
 {<<"gproc">>, <<"CEA02C578589C61E5341FCE149EA36CCEF236CC2ECAC8691FBA408E7EA77EC2F">>},
 {<<"hut">>, <<"08D46679523043424870723923971889E8A34D63B2F946A35B46CF921D1236E7">>},
 {<<"idna">>, <<"8A63070E9F7D0C62EB9D9FCB360A7DE382448200FBBD1B106CC96D3D8099DF8D">>},
 {<<"jsn">>, <<"E631213FDB296422381C1927501001205774C91FCD728BF3202CF674C9699C69">>},
 {<<"metrics">>, <<"25F094DEA2CDA98213CECC3AEFF09E940299D950904393B2A29D191C346A8486">>},
 {<<"mimerl">>, <<"67E2D3F571088D5CFD3E550C383094B47159F3EEE8FFA08E64106CDF5E981BE3">>},
 {<<"parse_trans">>, <<"16328AB840CC09919BD10DAB29E431DA3AF9E9E7E7E6F0089DD5A2D2820011D8">>},
 {<<"quickrand">>, <<"168CA3A8466A26912B8C3A1D6AA58975E1BB49E5C7AFB4998B80F6B90F910490">>},
 {<<"rabbit_common">>, <<"26B8C10BF8B7064FDF44792F6B2D8DE79F5E1BD6B36C4B1C318FB3953C1E5D86">>},
 {<<"ranch">>, <<"6B1FAB51B49196860B733A49C07604465A47BDB78AA10C1C16A3D199F7F8C881">>},
 {<<"recon">>, <<"2BCAD0CF621FB277CABBB6413159CD3AA30265C2DEE42C968697988B30108604">>},
 {<<"setup">>, <<"1203F4CDA11306C2E34434244576DED0A7BBFB0908D9A572356C809BD0CDF085">>},
 {<<"ssl_verify_fun">>, <<"CF344F5692C82D2CD7554F5EC8FD961548D4FD09E7D22F5B62482E5AEAEBD4B0">>},
 {<<"unicode_util_compat">>, <<"BC84380C9AB48177092F43AC89E4DFA2C6D62B40B8BD132B1059ECC7232F9A78">>},
 {<<"uuid">>, <<"02C713FAC0E73E5F366CBA541216F1E956E2F00C91C7530D4B21DEC7D3ADA164">>}]},
{pkg_hash_ext,[
 {<<"active">>, <<"E34080D6131DC835FAC093EB1232DB26BAA33B279ABD27A986B2D5DE8221966C">>},
 {<<"amqp_client">>, <<"9D29BB4D59EEA1D779E2928425323F9A75CDDC27C16BE57637DB3A366580EB23">>},
 {<<"bbmustache">>, <<"7C9CDCF58DC043377AB792A8C7109D8902695FCAE3B35C1078A8B38DDCF86E5F">>},
 {<<"bear">>, <<"534217DCE6A719D59E54FB0EB7A367900DBFC5F85757E8C1F94269DF383F6D9B">>},
 {<<"certifi">>, <<"266DA46BDB06D6C6D35FDE799BCB28D36D985D424AD7C08B5BB48F5B5CDD4641">>},
 {<<"erlsh">>, <<"94EF1492DD59FEF211F01FFD40C47B6E51C0F59E2A3D0739366E4890961332D9">>},
 {<<"exometer_core">>, <<"6AFBD8F6B1AAF7443D6A5A05BBBCD15285622353550F3077C87176E25BE99C1E">>},
 {<<"folsom">>, <<"F7B644FC002A75AF00B8BFBD3CC5C2BD955E09A118D2982D9A6C04E5646FF367">>},
 {<<"fs">>, <<"EF94E95FFE79916860649FED80AC62B04C322B0BB70F5128144C026B4D171F8B">>},
 {<<"goldrush">>, <<"99CB4128CFFCB3227581E5D4D803D5413FA643F4EB96523F77D9E6937D994CEB">>},
 {<<"gproc">>, <<"580ADAFA56463B75263EF5A5DF4C86AF321F68694E7786CB057FD805D1E2A7DE">>},
 {<<"hut">>, <<"953FC447514BAF9CC79FA147D66469243C94DFA1593779614E070C692D0BF0F3">>},
 {<<"idna">>, <<"92376EB7894412ED19AC475E4A86F7B413C1B9FBB5BD16DCCD57934157944CEA">>},
 {<<"jsn">>, <<"2D1397263BE44E156CEF871E3EFF9903E76BA6D8B9DDE5C6771F7E56C2F060FB">>},
 {<<"metrics">>, <<"69B09ADDDC4F74A40716AE54D140F93BEB0FB8978D8636EADED0C31B6F099F16">>},
 {<<"mimerl">>, <<"F278585650AA581986264638EBF698F8BB19DF297F66AD91B18910DFC6E19323">>},
 {<<"parse_trans">>, <<"07CD9577885F56362D414E8C4C4E6BDF10D43A8767ABB92D24CBE8B24C54888B">>},
 {<<"quickrand">>, <<"4CB18E9304CF28E054E8DC6E151D1AC7F174E6FE31D5C1A07F71279B92A90800">>},
 {<<"rabbit_common">>, <<"72B1683F167810847ADA803ACF94CB2D18743D5270CDCFAECB5C83629058B901">>},
 {<<"ranch">>, <<"451D8527787DF716D99DC36162FCA05934915DB0B6141BBDAC2EA8D3C7AFC7D7">>},
 {<<"recon">>, <<"F55198650A8EC01D3EFC04797ABE550C7D023E7FF8B509F373CF933032049BD8">>},
 {<<"setup">>, <<"7D6AAF5281D0B0C40980E128F9DC410DACD03799A8577201D4C8B43E7F97509A">>},
 {<<"ssl_verify_fun">>, <<"BDB0D2471F453C88FF3908E7686F86F9BE327D065CC1EC16FA4540197EA04680">>},
 {<<"unicode_util_compat">>, <<"25EEE6D67DF61960CF6A794239566599B09E17E668D3700247BC498638152521">>},
 {<<"uuid">>, <<"CE1C1ED1D786BA98F93204BE66F93A797504993954141122FCC5FE59B5331367">>}]}
].
